
Microsoft Visual Studio Solution File, Format Version 12.00
# Visual Studio 15
VisualStudioVersion = 15.0.28307.421
MinimumVisualStudioVersion = 10.0.40219.1
Project("{2150E333-8FDC-42A3-9474-1A3956D46DE8}") = "0_thirdparty", "0_thirdparty", "{E997BD66-F5E9-47AE-B59F-F5981CCBC6CD}"
EndProject
Project("{8BC9CEB8-8B4A-11D0-8D11-00A0C91BC942}") = "libgif", "thirdparty\gif-5.2.1\libgif.vcxproj", "{A434BFB3-1FAA-4629-A193-6B0C06F6C66A}"
EndProject
Project("{2150E333-8FDC-42A3-9474-1A3956D46DE8}") = "1_demo", "1_demo", "{B6659A7F-9EBD-4455-890B-B5C38F5ADCEE}"
EndProject
Project("{2150E333-8FDC-42A3-9474-1A3956D46DE8}") = "tool", "tool", "{73AEAEB5-72C6-4F8E-88BC-326C99BB3044}"
EndProject
Project("{8BC9CEB8-8B4A-11D0-8D11-00A0C91BC942}") = "gif2rgb", "demo\tool\gif2rgb\gif2rgb.vcxproj", "{3CFD8D3C-5D69-47BF-9E96-BCD6AC473C8C}"
EndProject
Project("{8BC9CEB8-8B4A-11D0-8D11-00A0C91BC942}") = "gifbg", "demo\tool\gifbg\gifbg.vcxproj", "{48098D44-7391-46B7-9751-E889E43565EC}"
EndProject
Project("{8BC9CEB8-8B4A-11D0-8D11-00A0C91BC942}") = "gifbuild", "demo\tool\gifbuild\gifbuild.vcxproj", "{3380AFB4-C40D-429D-A985-A7B612DC247C}"
EndProject
Project("{8BC9CEB8-8B4A-11D0-8D11-00A0C91BC942}") = "gifclrmp", "demo\tool\gifclrmp\gifclrmp.vcxproj", "{A0DF6F91-ACCA-4004-85DC-DC76953AFE70}"
EndProject
Project("{8BC9CEB8-8B4A-11D0-8D11-00A0C91BC942}") = "gifcolor", "demo\tool\gifcolor\gifcolor.vcxproj", "{E108BE83-BB5E-46DA-A699-755D9616975D}"
EndProject
Project("{8BC9CEB8-8B4A-11D0-8D11-00A0C91BC942}") = "gifecho", "demo\tool\gifecho\gifecho.vcxproj", "{2A4B313E-1867-4354-8475-D63E882FED9D}"
EndProject
Project("{8BC9CEB8-8B4A-11D0-8D11-00A0C91BC942}") = "giffilter", "demo\tool\giffilter\giffilter.vcxproj", "{369B75AE-E00A-46EC-9964-57683453C9D1}"
EndProject
Project("{8BC9CEB8-8B4A-11D0-8D11-00A0C91BC942}") = "giffix", "demo\tool\giffix\giffix.vcxproj", "{D9E1F527-9C9D-4CD0-BF7C-0D049D800B52}"
EndProject
Project("{8BC9CEB8-8B4A-11D0-8D11-00A0C91BC942}") = "gifhisto", "demo\tool\gifhisto\gifhisto.vcxproj", "{5EF2C49B-27B7-4491-9AB1-F5C79EC778E3}"
EndProject
Project("{8BC9CEB8-8B4A-11D0-8D11-00A0C91BC942}") = "gifinto", "demo\tool\gifinto\gifinto.vcxproj", "{BC33629E-84A5-4DFA-9C26-D1E1FA5BA330}"
EndProject
Project("{8BC9CEB8-8B4A-11D0-8D11-00A0C91BC942}") = "gifsponge", "demo\tool\gifsponge\gifsponge.vcxproj", "{32AE36B1-6B19-4A49-8D55-DF6314F76448}"
EndProject
Project("{8BC9CEB8-8B4A-11D0-8D11-00A0C91BC942}") = "giftext", "demo\tool\giftext\giftext.vcxproj", "{D93D50B6-C0A3-48AF-8D54-036FCF7C7915}"
EndProject
Project("{8BC9CEB8-8B4A-11D0-8D11-00A0C91BC942}") = "giftool", "demo\tool\giftool\giftool.vcxproj", "{F5FBD2CF-3B83-4416-8DF0-E3B5F921E3EB}"
EndProject
Project("{8BC9CEB8-8B4A-11D0-8D11-00A0C91BC942}") = "gifwedge", "demo\tool\gifwedge\gifwedge.vcxproj", "{16A3C52F-C034-4A05-A09D-BD75051310C5}"
EndProject
Project("{8BC9CEB8-8B4A-11D0-8D11-00A0C91BC942}") = "libgetopt", "thirdparty\getopt\libgetopt.vcxproj", "{CBA57C31-6A64-4B51-B22E-5B820B021322}"
EndProject
Global
	GlobalSection(SolutionConfigurationPlatforms) = preSolution
		Debug|x64 = Debug|x64
		Release|x64 = Release|x64
	EndGlobalSection
	GlobalSection(ProjectConfigurationPlatforms) = postSolution
		{A434BFB3-1FAA-4629-A193-6B0C06F6C66A}.Debug|x64.ActiveCfg = Debug|x64
		{A434BFB3-1FAA-4629-A193-6B0C06F6C66A}.Debug|x64.Build.0 = Debug|x64
		{A434BFB3-1FAA-4629-A193-6B0C06F6C66A}.Release|x64.ActiveCfg = Release|x64
		{A434BFB3-1FAA-4629-A193-6B0C06F6C66A}.Release|x64.Build.0 = Release|x64
		{3CFD8D3C-5D69-47BF-9E96-BCD6AC473C8C}.Debug|x64.ActiveCfg = Debug|x64
		{3CFD8D3C-5D69-47BF-9E96-BCD6AC473C8C}.Debug|x64.Build.0 = Debug|x64
		{3CFD8D3C-5D69-47BF-9E96-BCD6AC473C8C}.Release|x64.ActiveCfg = Release|x64
		{3CFD8D3C-5D69-47BF-9E96-BCD6AC473C8C}.Release|x64.Build.0 = Release|x64
		{48098D44-7391-46B7-9751-E889E43565EC}.Debug|x64.ActiveCfg = Debug|x64
		{48098D44-7391-46B7-9751-E889E43565EC}.Debug|x64.Build.0 = Debug|x64
		{48098D44-7391-46B7-9751-E889E43565EC}.Release|x64.ActiveCfg = Release|x64
		{48098D44-7391-46B7-9751-E889E43565EC}.Release|x64.Build.0 = Release|x64
		{3380AFB4-C40D-429D-A985-A7B612DC247C}.Debug|x64.ActiveCfg = Debug|x64
		{3380AFB4-C40D-429D-A985-A7B612DC247C}.Debug|x64.Build.0 = Debug|x64
		{3380AFB4-C40D-429D-A985-A7B612DC247C}.Release|x64.ActiveCfg = Release|x64
		{3380AFB4-C40D-429D-A985-A7B612DC247C}.Release|x64.Build.0 = Release|x64
		{A0DF6F91-ACCA-4004-85DC-DC76953AFE70}.Debug|x64.ActiveCfg = Debug|x64
		{A0DF6F91-ACCA-4004-85DC-DC76953AFE70}.Debug|x64.Build.0 = Debug|x64
		{A0DF6F91-ACCA-4004-85DC-DC76953AFE70}.Release|x64.ActiveCfg = Release|x64
		{A0DF6F91-ACCA-4004-85DC-DC76953AFE70}.Release|x64.Build.0 = Release|x64
		{E108BE83-BB5E-46DA-A699-755D9616975D}.Debug|x64.ActiveCfg = Debug|x64
		{E108BE83-BB5E-46DA-A699-755D9616975D}.Debug|x64.Build.0 = Debug|x64
		{E108BE83-BB5E-46DA-A699-755D9616975D}.Release|x64.ActiveCfg = Release|x64
		{E108BE83-BB5E-46DA-A699-755D9616975D}.Release|x64.Build.0 = Release|x64
		{2A4B313E-1867-4354-8475-D63E882FED9D}.Debug|x64.ActiveCfg = Debug|x64
		{2A4B313E-1867-4354-8475-D63E882FED9D}.Debug|x64.Build.0 = Debug|x64
		{2A4B313E-1867-4354-8475-D63E882FED9D}.Release|x64.ActiveCfg = Release|x64
		{2A4B313E-1867-4354-8475-D63E882FED9D}.Release|x64.Build.0 = Release|x64
		{369B75AE-E00A-46EC-9964-57683453C9D1}.Debug|x64.ActiveCfg = Debug|x64
		{369B75AE-E00A-46EC-9964-57683453C9D1}.Debug|x64.Build.0 = Debug|x64
		{369B75AE-E00A-46EC-9964-57683453C9D1}.Release|x64.ActiveCfg = Release|x64
		{369B75AE-E00A-46EC-9964-57683453C9D1}.Release|x64.Build.0 = Release|x64
		{D9E1F527-9C9D-4CD0-BF7C-0D049D800B52}.Debug|x64.ActiveCfg = Debug|x64
		{D9E1F527-9C9D-4CD0-BF7C-0D049D800B52}.Debug|x64.Build.0 = Debug|x64
		{D9E1F527-9C9D-4CD0-BF7C-0D049D800B52}.Release|x64.ActiveCfg = Release|x64
		{D9E1F527-9C9D-4CD0-BF7C-0D049D800B52}.Release|x64.Build.0 = Release|x64
		{5EF2C49B-27B7-4491-9AB1-F5C79EC778E3}.Debug|x64.ActiveCfg = Debug|x64
		{5EF2C49B-27B7-4491-9AB1-F5C79EC778E3}.Debug|x64.Build.0 = Debug|x64
		{5EF2C49B-27B7-4491-9AB1-F5C79EC778E3}.Release|x64.ActiveCfg = Release|x64
		{5EF2C49B-27B7-4491-9AB1-F5C79EC778E3}.Release|x64.Build.0 = Release|x64
		{BC33629E-84A5-4DFA-9C26-D1E1FA5BA330}.Debug|x64.ActiveCfg = Debug|x64
		{BC33629E-84A5-4DFA-9C26-D1E1FA5BA330}.Debug|x64.Build.0 = Debug|x64
		{BC33629E-84A5-4DFA-9C26-D1E1FA5BA330}.Release|x64.ActiveCfg = Release|x64
		{BC33629E-84A5-4DFA-9C26-D1E1FA5BA330}.Release|x64.Build.0 = Release|x64
		{32AE36B1-6B19-4A49-8D55-DF6314F76448}.Debug|x64.ActiveCfg = Debug|x64
		{32AE36B1-6B19-4A49-8D55-DF6314F76448}.Debug|x64.Build.0 = Debug|x64
		{32AE36B1-6B19-4A49-8D55-DF6314F76448}.Release|x64.ActiveCfg = Release|x64
		{32AE36B1-6B19-4A49-8D55-DF6314F76448}.Release|x64.Build.0 = Release|x64
		{D93D50B6-C0A3-48AF-8D54-036FCF7C7915}.Debug|x64.ActiveCfg = Debug|x64
		{D93D50B6-C0A3-48AF-8D54-036FCF7C7915}.Debug|x64.Build.0 = Debug|x64
		{D93D50B6-C0A3-48AF-8D54-036FCF7C7915}.Release|x64.ActiveCfg = Release|x64
		{D93D50B6-C0A3-48AF-8D54-036FCF7C7915}.Release|x64.Build.0 = Release|x64
		{F5FBD2CF-3B83-4416-8DF0-E3B5F921E3EB}.Debug|x64.ActiveCfg = Debug|x64
		{F5FBD2CF-3B83-4416-8DF0-E3B5F921E3EB}.Debug|x64.Build.0 = Debug|x64
		{F5FBD2CF-3B83-4416-8DF0-E3B5F921E3EB}.Release|x64.ActiveCfg = Release|x64
		{F5FBD2CF-3B83-4416-8DF0-E3B5F921E3EB}.Release|x64.Build.0 = Release|x64
		{16A3C52F-C034-4A05-A09D-BD75051310C5}.Debug|x64.ActiveCfg = Debug|x64
		{16A3C52F-C034-4A05-A09D-BD75051310C5}.Debug|x64.Build.0 = Debug|x64
		{16A3C52F-C034-4A05-A09D-BD75051310C5}.Release|x64.ActiveCfg = Release|x64
		{16A3C52F-C034-4A05-A09D-BD75051310C5}.Release|x64.Build.0 = Release|x64
		{CBA57C31-6A64-4B51-B22E-5B820B021322}.Debug|x64.ActiveCfg = Debug|x64
		{CBA57C31-6A64-4B51-B22E-5B820B021322}.Debug|x64.Build.0 = Debug|x64
		{CBA57C31-6A64-4B51-B22E-5B820B021322}.Release|x64.ActiveCfg = Release|x64
		{CBA57C31-6A64-4B51-B22E-5B820B021322}.Release|x64.Build.0 = Release|x64
	EndGlobalSection
	GlobalSection(SolutionProperties) = preSolution
		HideSolutionNode = FALSE
	EndGlobalSection
	GlobalSection(NestedProjects) = preSolution
		{A434BFB3-1FAA-4629-A193-6B0C06F6C66A} = {E997BD66-F5E9-47AE-B59F-F5981CCBC6CD}
		{73AEAEB5-72C6-4F8E-88BC-326C99BB3044} = {B6659A7F-9EBD-4455-890B-B5C38F5ADCEE}
		{3CFD8D3C-5D69-47BF-9E96-BCD6AC473C8C} = {73AEAEB5-72C6-4F8E-88BC-326C99BB3044}
		{48098D44-7391-46B7-9751-E889E43565EC} = {73AEAEB5-72C6-4F8E-88BC-326C99BB3044}
		{3380AFB4-C40D-429D-A985-A7B612DC247C} = {73AEAEB5-72C6-4F8E-88BC-326C99BB3044}
		{A0DF6F91-ACCA-4004-85DC-DC76953AFE70} = {73AEAEB5-72C6-4F8E-88BC-326C99BB3044}
		{E108BE83-BB5E-46DA-A699-755D9616975D} = {73AEAEB5-72C6-4F8E-88BC-326C99BB3044}
		{2A4B313E-1867-4354-8475-D63E882FED9D} = {73AEAEB5-72C6-4F8E-88BC-326C99BB3044}
		{369B75AE-E00A-46EC-9964-57683453C9D1} = {73AEAEB5-72C6-4F8E-88BC-326C99BB3044}
		{D9E1F527-9C9D-4CD0-BF7C-0D049D800B52} = {73AEAEB5-72C6-4F8E-88BC-326C99BB3044}
		{5EF2C49B-27B7-4491-9AB1-F5C79EC778E3} = {73AEAEB5-72C6-4F8E-88BC-326C99BB3044}
		{BC33629E-84A5-4DFA-9C26-D1E1FA5BA330} = {73AEAEB5-72C6-4F8E-88BC-326C99BB3044}
		{32AE36B1-6B19-4A49-8D55-DF6314F76448} = {73AEAEB5-72C6-4F8E-88BC-326C99BB3044}
		{D93D50B6-C0A3-48AF-8D54-036FCF7C7915} = {73AEAEB5-72C6-4F8E-88BC-326C99BB3044}
		{F5FBD2CF-3B83-4416-8DF0-E3B5F921E3EB} = {73AEAEB5-72C6-4F8E-88BC-326C99BB3044}
		{16A3C52F-C034-4A05-A09D-BD75051310C5} = {73AEAEB5-72C6-4F8E-88BC-326C99BB3044}
		{CBA57C31-6A64-4B51-B22E-5B820B021322} = {E997BD66-F5E9-47AE-B59F-F5981CCBC6CD}
	EndGlobalSection
	GlobalSection(ExtensibilityGlobals) = postSolution
		SolutionGuid = {0A8CEE52-492A-4393-9DD8-1A14948800DE}
	EndGlobalSection
EndGlobal
